
Microsoft Visual Studio Solution File, Format Version 12.00
# Visual Studio Version 17
VisualStudioVersion = 17.6.33829.357
MinimumVisualStudioVersion = 10.0.40219.1
Project("{FAE04EC0-301F-11D3-BF4B-00C04F79EFBC}") = "TennisTournament.Api", "TennisTournament.Api\TennisTournament.Api.csproj", "{1764CED7-109C-45D7-AE12-E68DC6581B06}"
EndProject
Project("{FAE04EC0-301F-11D3-BF4B-00C04F79EFBC}") = "TennisTournament.Domain", "TennisTournament.Domain\TennisTournament.Domain.csproj", "{AA1ED04F-AFE4-490E-8A1D-263790D5A084}"
EndProject
Project("{FAE04EC0-301F-11D3-BF4B-00C04F79EFBC}") = "TennisTournament.UnitTest", "TennisTournament.UnitTest\TennisTournament.UnitTest.csproj", "{EA3B99E5-7171-4047-BE1D-3118F7E9BA6E}"
EndProject
Project("{FAE04EC0-301F-11D3-BF4B-00C04F79EFBC}") = "TennisTournament.Infra", "TennisTournament.Infra\TennisTournament.Infra.csproj", "{A9DCC26F-B973-4337-B232-59AC1EF9847C}"
EndProject
Global
	GlobalSection(SolutionConfigurationPlatforms) = preSolution
		Debug|Any CPU = Debug|Any CPU
		Release|Any CPU = Release|Any CPU
	EndGlobalSection
	GlobalSection(ProjectConfigurationPlatforms) = postSolution
		{1764CED7-109C-45D7-AE12-E68DC6581B06}.Debug|Any CPU.ActiveCfg = Debug|Any CPU
		{1764CED7-109C-45D7-AE12-E68DC6581B06}.Debug|Any CPU.Build.0 = Debug|Any CPU
		{1764CED7-109C-45D7-AE12-E68DC6581B06}.Release|Any CPU.ActiveCfg = Release|Any CPU
		{1764CED7-109C-45D7-AE12-E68DC6581B06}.Release|Any CPU.Build.0 = Release|Any CPU
		{AA1ED04F-AFE4-490E-8A1D-263790D5A084}.Debug|Any CPU.ActiveCfg = Debug|Any CPU
		{AA1ED04F-AFE4-490E-8A1D-263790D5A084}.Debug|Any CPU.Build.0 = Debug|Any CPU
		{AA1ED04F-AFE4-490E-8A1D-263790D5A084}.Release|Any CPU.ActiveCfg = Release|Any CPU
		{AA1ED04F-AFE4-490E-8A1D-263790D5A084}.Release|Any CPU.Build.0 = Release|Any CPU
		{EA3B99E5-7171-4047-BE1D-3118F7E9BA6E}.Debug|Any CPU.ActiveCfg = Debug|Any CPU
		{EA3B99E5-7171-4047-BE1D-3118F7E9BA6E}.Debug|Any CPU.Build.0 = Debug|Any CPU
		{EA3B99E5-7171-4047-BE1D-3118F7E9BA6E}.Release|Any CPU.ActiveCfg = Release|Any CPU
		{EA3B99E5-7171-4047-BE1D-3118F7E9BA6E}.Release|Any CPU.Build.0 = Release|Any CPU
		{A9DCC26F-B973-4337-B232-59AC1EF9847C}.Debug|Any CPU.ActiveCfg = Debug|Any CPU
		{A9DCC26F-B973-4337-B232-59AC1EF9847C}.Debug|Any CPU.Build.0 = Debug|Any CPU
		{A9DCC26F-B973-4337-B232-59AC1EF9847C}.Release|Any CPU.ActiveCfg = Release|Any CPU
		{A9DCC26F-B973-4337-B232-59AC1EF9847C}.Release|Any CPU.Build.0 = Release|Any CPU
	EndGlobalSection
	GlobalSection(SolutionProperties) = preSolution
		HideSolutionNode = FALSE
	EndGlobalSection
	GlobalSection(ExtensibilityGlobals) = postSolution
		SolutionGuid = {1D77EE95-C4CC-40B9-9392-CAFBC4DF4074}
	EndGlobalSection
EndGlobal
